
Microsoft Visual Studio Solution File, Format Version 12.00
# Visual Studio Version 17
VisualStudioVersion = 17.9.34723.18
MinimumVisualStudioVersion = 10.0.40219.1
Project("{FAE04EC0-301F-11D3-BF4B-00C04F79EFBC}") = "exercicio - 3.1", "exercicio - 3.1\exercicio - 3.1.csproj", "{AD5F8388-7222-4E15-B7FE-B2FF6CF76E69}"
EndProject
Project("{9A19103F-16F7-4668-BE54-9A1E7A4F7556}") = "exercicio - 2.1", "..\exercicio - 2.1\exercicio - 2.1\exercicio - 2.1.csproj", "{0893FEFF-8921-4A01-AB73-66FEA758BD52}"
EndProject
Global
	GlobalSection(SolutionConfigurationPlatforms) = preSolution
		Debug|Any CPU = Debug|Any CPU
		Release|Any CPU = Release|Any CPU
	EndGlobalSection
	GlobalSection(ProjectConfigurationPlatforms) = postSolution
		{AD5F8388-7222-4E15-B7FE-B2FF6CF76E69}.Debug|Any CPU.ActiveCfg = Debug|Any CPU
		{AD5F8388-7222-4E15-B7FE-B2FF6CF76E69}.Debug|Any CPU.Build.0 = Debug|Any CPU
		{AD5F8388-7222-4E15-B7FE-B2FF6CF76E69}.Release|Any CPU.ActiveCfg = Release|Any CPU
		{AD5F8388-7222-4E15-B7FE-B2FF6CF76E69}.Release|Any CPU.Build.0 = Release|Any CPU
		{0893FEFF-8921-4A01-AB73-66FEA758BD52}.Debug|Any CPU.ActiveCfg = Debug|Any CPU
		{0893FEFF-8921-4A01-AB73-66FEA758BD52}.Debug|Any CPU.Build.0 = Debug|Any CPU
		{0893FEFF-8921-4A01-AB73-66FEA758BD52}.Release|Any CPU.ActiveCfg = Release|Any CPU
		{0893FEFF-8921-4A01-AB73-66FEA758BD52}.Release|Any CPU.Build.0 = Release|Any CPU
	EndGlobalSection
	GlobalSection(SolutionProperties) = preSolution
		HideSolutionNode = FALSE
	EndGlobalSection
	GlobalSection(ExtensibilityGlobals) = postSolution
		SolutionGuid = {9A33E93C-4EA9-46E5-84AC-004A9EADB3E3}
	EndGlobalSection
EndGlobal
